
Microsoft Visual Studio Solution File, Format Version 12.00
# Visual Studio 14
VisualStudioVersion = 14.0.23107.0
MinimumVisualStudioVersion = 10.0.40219.1
Project("{FAE04EC0-301F-11D3-BF4B-00C04F79EFBC}") = "ConsoleApplication1", "ConsoleApplication1\ConsoleApplication1.csproj", "{5F7997C5-3F98-4D51-854F-431989BA7493}"
EndProject
Project("{FAE04EC0-301F-11D3-BF4B-00C04F79EFBC}") = "WinFormsApp", "WinFormsApp\WinFormsApp.csproj", "{945942AA-17E0-495D-A822-8DFD2134E290}"
EndProject
Project("{FAE04EC0-301F-11D3-BF4B-00C04F79EFBC}") = "ConApp_logika", "ConApp_logika\ConApp_logika.csproj", "{0FC825D9-BCA8-4922-A0CC-94BA53CDA944}"
EndProject
Project("{FAE04EC0-301F-11D3-BF4B-00C04F79EFBC}") = "ConAppCuklu", "ConAppCuklu\ConAppCuklu.csproj", "{E32F17D5-D64B-4BE0-B646-7E4FD73F6426}"
EndProject
Project("{FAE04EC0-301F-11D3-BF4B-00C04F79EFBC}") = "ConAppFactorial", "ConAppFactorial\ConAppFactorial.csproj", "{12638389-37BA-44A3-A1AF-445D88412258}"
EndProject
Project("{FAE04EC0-301F-11D3-BF4B-00C04F79EFBC}") = "ConAppArray", "ConAppArray\ConAppArray.csproj", "{DB401237-E401-4B63-9B81-6C80A74147A9}"
EndProject
Project("{FAE04EC0-301F-11D3-BF4B-00C04F79EFBC}") = "ConAppMethod", "ConAppMethod\ConAppMethod.csproj", "{31B43787-96F3-4A4E-9500-9FC4DED788B3}"
EndProject
Project("{FAE04EC0-301F-11D3-BF4B-00C04F79EFBC}") = "WinsFormAppMathsOper", "WinsFormAppMathsOper\WinsFormAppMathsOper.csproj", "{7993A20B-8D78-4FF6-AE6B-70116142ED6C}"
EndProject
Global
	GlobalSection(SolutionConfigurationPlatforms) = preSolution
		Debug|Any CPU = Debug|Any CPU
		Release|Any CPU = Release|Any CPU
	EndGlobalSection
	GlobalSection(ProjectConfigurationPlatforms) = postSolution
		{5F7997C5-3F98-4D51-854F-431989BA7493}.Debug|Any CPU.ActiveCfg = Debug|Any CPU
		{5F7997C5-3F98-4D51-854F-431989BA7493}.Debug|Any CPU.Build.0 = Debug|Any CPU
		{5F7997C5-3F98-4D51-854F-431989BA7493}.Release|Any CPU.ActiveCfg = Release|Any CPU
		{5F7997C5-3F98-4D51-854F-431989BA7493}.Release|Any CPU.Build.0 = Release|Any CPU
		{945942AA-17E0-495D-A822-8DFD2134E290}.Debug|Any CPU.ActiveCfg = Debug|Any CPU
		{945942AA-17E0-495D-A822-8DFD2134E290}.Debug|Any CPU.Build.0 = Debug|Any CPU
		{945942AA-17E0-495D-A822-8DFD2134E290}.Release|Any CPU.ActiveCfg = Release|Any CPU
		{945942AA-17E0-495D-A822-8DFD2134E290}.Release|Any CPU.Build.0 = Release|Any CPU
		{0FC825D9-BCA8-4922-A0CC-94BA53CDA944}.Debug|Any CPU.ActiveCfg = Debug|Any CPU
		{0FC825D9-BCA8-4922-A0CC-94BA53CDA944}.Debug|Any CPU.Build.0 = Debug|Any CPU
		{0FC825D9-BCA8-4922-A0CC-94BA53CDA944}.Release|Any CPU.ActiveCfg = Release|Any CPU
		{0FC825D9-BCA8-4922-A0CC-94BA53CDA944}.Release|Any CPU.Build.0 = Release|Any CPU
		{E32F17D5-D64B-4BE0-B646-7E4FD73F6426}.Debug|Any CPU.ActiveCfg = Debug|Any CPU
		{E32F17D5-D64B-4BE0-B646-7E4FD73F6426}.Debug|Any CPU.Build.0 = Debug|Any CPU
		{E32F17D5-D64B-4BE0-B646-7E4FD73F6426}.Release|Any CPU.ActiveCfg = Release|Any CPU
		{E32F17D5-D64B-4BE0-B646-7E4FD73F6426}.Release|Any CPU.Build.0 = Release|Any CPU
		{12638389-37BA-44A3-A1AF-445D88412258}.Debug|Any CPU.ActiveCfg = Debug|Any CPU
		{12638389-37BA-44A3-A1AF-445D88412258}.Debug|Any CPU.Build.0 = Debug|Any CPU
		{12638389-37BA-44A3-A1AF-445D88412258}.Release|Any CPU.ActiveCfg = Release|Any CPU
		{12638389-37BA-44A3-A1AF-445D88412258}.Release|Any CPU.Build.0 = Release|Any CPU
		{DB401237-E401-4B63-9B81-6C80A74147A9}.Debug|Any CPU.ActiveCfg = Debug|Any CPU
		{DB401237-E401-4B63-9B81-6C80A74147A9}.Debug|Any CPU.Build.0 = Debug|Any CPU
		{DB401237-E401-4B63-9B81-6C80A74147A9}.Release|Any CPU.ActiveCfg = Release|Any CPU
		{DB401237-E401-4B63-9B81-6C80A74147A9}.Release|Any CPU.Build.0 = Release|Any CPU
		{31B43787-96F3-4A4E-9500-9FC4DED788B3}.Debug|Any CPU.ActiveCfg = Debug|Any CPU
		{31B43787-96F3-4A4E-9500-9FC4DED788B3}.Debug|Any CPU.Build.0 = Debug|Any CPU
		{31B43787-96F3-4A4E-9500-9FC4DED788B3}.Release|Any CPU.ActiveCfg = Release|Any CPU
		{31B43787-96F3-4A4E-9500-9FC4DED788B3}.Release|Any CPU.Build.0 = Release|Any CPU
		{7993A20B-8D78-4FF6-AE6B-70116142ED6C}.Debug|Any CPU.ActiveCfg = Debug|Any CPU
		{7993A20B-8D78-4FF6-AE6B-70116142ED6C}.Debug|Any CPU.Build.0 = Debug|Any CPU
		{7993A20B-8D78-4FF6-AE6B-70116142ED6C}.Release|Any CPU.ActiveCfg = Release|Any CPU
		{7993A20B-8D78-4FF6-AE6B-70116142ED6C}.Release|Any CPU.Build.0 = Release|Any CPU
	EndGlobalSection
	GlobalSection(SolutionProperties) = preSolution
		HideSolutionNode = FALSE
	EndGlobalSection
EndGlobal
